{
	"name": "meteor-impact-language-server",
	"version": "2.0.0",
	"lockfileVersion": 3,
	"requires": true,
	"packages": {
		"": {
			"name": "meteor-impact-language-server",
			"version": "2.0.0",
			"license": "MIT",
			"dependencies": {
				"@babel/parser": "^8.0.0",
				"@blastjs/spacebars-compiler": "^1.2.2",
				"@handlebars/parser": "^2.1.0",
				"ast-types": "^0.14.2",
				"glob": "^8.0.3",
				"vscode-html-languageservice": "^5.6.2",
				"vscode-languageserver": "^7.0.0",
				"vscode-languageserver-textdocument": "^1.0.7",
				"vscode-uri": "^3.0.6"
			},
			"engines": {
				"node": "*"
			}
		},
		"node_modules/@babel/helper-string-parser": {
			"version": "8.0.0",
			"resolved": "https://registry.npmjs.org/@babel/helper-string-parser/-/helper-string-parser-8.0.0.tgz",
			"integrity": "sha512-6mJgmFFFIIO82vvoLt9XtRC7/TkzXfts1t/SpRX4IHSzMgqoPYCWesVu1udUPUWioAE/2fcG6WuI8zrkE1gwrg==",
			"license": "MIT",
			"engines": {
				"node": "^22.18.0 || >=24.11.0"
			}
		},
		"node_modules/@babel/helper-validator-identifier": {
			"version": "8.0.2",
			"resolved": "https://registry.npmjs.org/@babel/helper-validator-identifier/-/helper-validator-identifier-8.0.2.tgz",
			"integrity": "sha512-9Fr9QeyCAyi1BR1jKZ6uYQ24EIhQUx5ReHfQU7drOE+TPOb+w11/dsqLkMOT2U29OdCT71XajrOT8xDc1C7orA==",
			"license": "MIT",
			"engines": {
				"node": "^22.18.0 || >=24.11.0"
			}
		},
		"node_modules/@babel/parser": {
			"version": "8.0.0",
			"resolved": "https://registry.npmjs.org/@babel/parser/-/parser-8.0.0.tgz",
			"integrity": "sha512-aLxAE+imI9bCcyaPrUDjBv3uSkWieifjLe0kuFOZF0zli0L6GCsTmsePnTr55adbIAgYz2zhN1vnFimCBUYcRQ==",
			"license": "MIT",
			"dependencies": {
				"@babel/types": "^8.0.0"
			},
			"bin": {
				"parser": "bin/babel-parser.js"
			},
			"engines": {
				"node": "^22.18.0 || >=24.11.0"
			}
		},
		"node_modules/@babel/types": {
			"version": "8.0.0",
			"resolved": "https://registry.npmjs.org/@babel/types/-/types-8.0.0.tgz",
			"integrity": "sha512-K8ponJDxBwDHigkeFqaqT5wLGl4bTlwMafR8k7b5CPxr6Ww+UG9ls8Yx6Tcpboxu97eeGVEEyKcHmEyOwN1vSw==",
			"license": "MIT",
			"dependencies": {
				"@babel/helper-string-parser": "^8.0.0",
				"@babel/helper-validator-identifier": "^8.0.0"
			},
			"engines": {
				"node": "^22.18.0 || >=24.11.0"
			}
		},
		"node_modules/@blastjs/blast-tools": {
			"version": "0.1.2",
			"resolved": "https://registry.npmjs.org/@blastjs/blast-tools/-/blast-tools-0.1.2.tgz",
			"integrity": "sha512-8fGwcSgRp7HPQfTiSwnFlJVnRF9i0qe9NCOrYD5KLPRTtdpBRztg/L01sxurBJJ7z53M7U0ybF4oqBvSk1p2tQ==",
			"dependencies": {
				"@blastjs/html-tools": "^0.1.1",
				"@blastjs/htmljs": "^0.1.0",
				"@blastjs/mongo-id": "^0.1.2",
				"@blastjs/reactive-dict": "^1.0.9",
				"@blastjs/tracker": "^1.0.5"
			}
		},
		"node_modules/@blastjs/html-tools": {
			"version": "0.1.2",
			"resolved": "https://registry.npmjs.org/@blastjs/html-tools/-/html-tools-0.1.2.tgz",
			"integrity": "sha512-F+modnE/JzHNA6RgKOTOrIx4x2yWlqZpJHq1or25DXf8IOsogTYBQVwciCK65X5jtzblE0FaovORj0hu6t0v2w==",
			"dependencies": {
				"@blastjs/htmljs": "^0.1.0"
			}
		},
		"node_modules/@blastjs/htmljs": {
			"version": "0.1.2",
			"resolved": "https://registry.npmjs.org/@blastjs/htmljs/-/htmljs-0.1.2.tgz",
			"integrity": "sha512-2cLaw8uRvvQzV0SlttlgSUmNj5bQCqwJNZOIXw6WBXs+wTmTCBBLyBKRBssIFiH6E7qj3WMx9K44a6vUGn+1vw=="
		},
		"node_modules/@blastjs/mongo-id": {
			"version": "0.1.3",
			"resolved": "https://registry.npmjs.org/@blastjs/mongo-id/-/mongo-id-0.1.3.tgz",
			"integrity": "sha512-LEEuMVBXWv5JXeZqn6p8DGbfFBjhMUUh4+yYjeO8yuha5inNp2YbByANeR7OrmlJc6wIebOdwPyg2qW6LYwLbg==",
			"dependencies": {
				"@reactioncommerce/random": "^1.0.2",
				"ejson": "^2.2.1"
			}
		},
		"node_modules/@blastjs/reactive-dict": {
			"version": "1.0.12",
			"resolved": "https://registry.npmjs.org/@blastjs/reactive-dict/-/reactive-dict-1.0.12.tgz",
			"integrity": "sha512-dHKtwcR14LCW9BzGaqckJKo7xsvmpuS7xJLrel6MRH8gSfV8JsIllp+ayW0bYyX9g9KdHCHf92VfxTbeWojH6g==",
			"dependencies": {
				"@blastjs/mongo-id": "^0.1.2",
				"@blastjs/tracker": "^1.0.5",
				"@reactioncommerce/random": "^1.0.2",
				"ejson": "^2.2.1"
			}
		},
		"node_modules/@blastjs/spacebars-compiler": {
			"version": "1.2.2",
			"resolved": "https://registry.npmjs.org/@blastjs/spacebars-compiler/-/spacebars-compiler-1.2.2.tgz",
			"integrity": "sha512-7RIus0mYRqBMdLYWOxtJfA3C0h/eUgrlIaUt/oOJVp8mTBrHdHMCDeGUSF2nd2p8mAjh5dxel6t1KCPUDf/mag==",
			"dependencies": {
				"@blastjs/blast-tools": "^0.1.0",
				"@blastjs/html-tools": "^0.1.1",
				"@blastjs/htmljs": "^0.1.0",
				"uglify-js": "2.7.5"
			}
		},
		"node_modules/@blastjs/tracker": {
			"version": "1.0.5",
			"resolved": "https://registry.npmjs.org/@blastjs/tracker/-/tracker-1.0.5.tgz",
			"integrity": "sha512-hfk36k7Z3fIUlyV6hZE/cwMX9CeAoG/d4r9dZg5kfAeHoHevVowaj/eSARA4EsWyYcX0IU6yGiJzpG2LEY89eg==",
			"dependencies": {
				"setasap": "^2.0.1"
			}
		},
		"node_modules/@handlebars/parser": {
			"version": "2.1.0",
			"resolved": "https://registry.npmjs.org/@handlebars/parser/-/parser-2.1.0.tgz",
			"integrity": "sha512-R14NuNaSKZ6eE9y4t0fg/1f8iKd5ZJtSOTIseGFzXINTV17XffhLG2Y0CvdKOgyVQ7+UnXi89YGzRo/xsgwHIA=="
		},
		"node_modules/@reactioncommerce/random": {
			"version": "1.0.2",
			"resolved": "https://registry.npmjs.org/@reactioncommerce/random/-/random-1.0.2.tgz",
			"integrity": "sha512-02eARZh6FQ45tEXXZUwnz90XWQasLpnV140CcuOl/L3dhEL4Emu2oCZemVhKvNb2JMmm5vOG2Y0CUb12xAx73w=="
		},
		"node_modules/@vscode/l10n": {
			"version": "0.0.18",
			"resolved": "https://registry.npmjs.org/@vscode/l10n/-/l10n-0.0.18.tgz",
			"integrity": "sha512-KYSIHVmslkaCDyw013pphY+d7x1qV8IZupYfeIfzNA+nsaWHbn5uPuQRvdRFsa9zFzGeudPuoGoZ1Op4jrJXIQ==",
			"license": "MIT"
		},
		"node_modules/align-text": {
			"version": "0.1.4",
			"resolved": "https://registry.npmjs.org/align-text/-/align-text-0.1.4.tgz",
			"integrity": "sha512-GrTZLRpmp6wIC2ztrWW9MjjTgSKccffgFagbNDOX95/dcjEcYZibYTeaOntySQLcdw1ztBoFkviiUvTMbb9MYg==",
			"dependencies": {
				"kind-of": "^3.0.2",
				"longest": "^1.0.1",
				"repeat-string": "^1.5.2"
			},
			"engines": {
				"node": ">=0.10.0"
			}
		},
		"node_modules/ast-types": {
			"version": "0.14.2",
			"resolved": "https://registry.npmjs.org/ast-types/-/ast-types-0.14.2.tgz",
			"integrity": "sha512-O0yuUDnZeQDL+ncNGlJ78BiO4jnYI3bvMsD5prT0/nsgijG/LpNBIr63gTjVTNsiGkgQhiyCShTgxt8oXOrklA==",
			"dependencies": {
				"tslib": "^2.0.1"
			},
			"engines": {
				"node": ">=4"
			}
		},
		"node_modules/async": {
			"version": "0.2.10",
			"resolved": "https://registry.npmjs.org/async/-/async-0.2.10.tgz",
			"integrity": "sha512-eAkdoKxU6/LkKDBzLpT+t6Ff5EtfSF4wx1WfJiPEEV7WNLnDaRXk0oVysiEPm262roaachGexwUv94WhSgN5TQ=="
		},
		"node_modules/balanced-match": {
			"version": "1.0.2",
			"resolved": "https://registry.npmjs.org/balanced-match/-/balanced-match-1.0.2.tgz",
			"integrity": "sha512-3oSeUO0TMV67hN1AmbXsK4yaqU7tjiHlbxRDZOpH0KW9+CeX4bRAaX0Anxt0tx2MrpRpWwQaPwIlISEJhYU5Pw=="
		},
		"node_modules/brace-expansion": {
			"version": "2.0.1",
			"resolved": "https://registry.npmjs.org/brace-expansion/-/brace-expansion-2.0.1.tgz",
			"integrity": "sha512-XnAIvQ8eM+kC6aULx6wuQiwVsnzsi9d3WxzV3FpWTGA19F621kwdbsAcFKXgKUHZWsy+mY6iL1sHTxWEFCytDA==",
			"dependencies": {
				"balanced-match": "^1.0.0"
			}
		},
		"node_modules/camelcase": {
			"version": "1.2.1",
			"resolved": "https://registry.npmjs.org/camelcase/-/camelcase-1.2.1.tgz",
			"integrity": "sha512-wzLkDa4K/mzI1OSITC+DUyjgIl/ETNHE9QvYgy6J6Jvqyyz4C0Xfd+lQhb19sX2jMpZV4IssUn0VDVmglV+s4g==",
			"engines": {
				"node": ">=0.10.0"
			}
		},
		"node_modules/center-align": {
			"version": "0.1.3",
			"resolved": "https://registry.npmjs.org/center-align/-/center-align-0.1.3.tgz",
			"integrity": "sha512-Baz3aNe2gd2LP2qk5U+sDk/m4oSuwSDcBfayTCTBoWpfIGO5XFxPmjILQII4NGiZjD6DoDI6kf7gKaxkf7s3VQ==",
			"dependencies": {
				"align-text": "^0.1.3",
				"lazy-cache": "^1.0.3"
			},
			"engines": {
				"node": ">=0.10.0"
			}
		},
		"node_modules/cliui": {
			"version": "2.1.0",
			"resolved": "https://registry.npmjs.org/cliui/-/cliui-2.1.0.tgz",
			"integrity": "sha512-GIOYRizG+TGoc7Wgc1LiOTLare95R3mzKgoln+Q/lE4ceiYH19gUpl0l0Ffq4lJDEf3FxujMe6IBfOCs7pfqNA==",
			"dependencies": {
				"center-align": "^0.1.1",
				"right-align": "^0.1.1",
				"wordwrap": "0.0.2"
			}
		},
		"node_modules/decamelize": {
			"version": "1.2.0",
			"resolved": "https://registry.npmjs.org/decamelize/-/decamelize-1.2.0.tgz",
			"integrity": "sha512-z2S+W9X73hAUUki+N+9Za2lBlun89zigOyGrsax+KUQ6wKW4ZoWpEYBkGhQjwAjjDCkWxhY0VKEhk8wzY7F5cA==",
			"engines": {
				"node": ">=0.10.0"
			}
		},
		"node_modules/ejson": {
			"version": "2.2.3",
			"resolved": "https://registry.npmjs.org/ejson/-/ejson-2.2.3.tgz",
			"integrity": "sha512-hsFvJp6OpGxFRQfBR3PSxFpaPALdHDY+SB3TRbMpLWNhvu8GzLiZutof5+/DFd2QekZo3KyXau75ngdJqQUSrw=="
		},
		"node_modules/fs.realpath": {
			"version": "1.0.0",
			"resolved": "https://registry.npmjs.org/fs.realpath/-/fs.realpath-1.0.0.tgz",
			"integrity": "sha512-OO0pH2lK6a0hZnAdau5ItzHPI6pUlvI7jMVnxUQRtw4owF2wk8lOSabtGDCTP4Ggrg2MbGnWO9X8K1t4+fGMDw=="
		},
		"node_modules/glob": {
			"version": "8.0.3",
			"resolved": "https://registry.npmjs.org/glob/-/glob-8.0.3.tgz",
			"integrity": "sha512-ull455NHSHI/Y1FqGaaYFaLGkNMMJbavMrEGFXG/PGrg6y7sutWHUHrz6gy6WEBH6akM1M414dWKCNs+IhKdiQ==",
			"deprecated": "Old versions of glob are not supported, and contain widely publicized security vulnerabilities, which have been fixed in the current version. Please update. Support for old versions may be purchased (at exorbitant rates) by contacting i@izs.me",
			"dependencies": {
				"fs.realpath": "^1.0.0",
				"inflight": "^1.0.4",
				"inherits": "2",
				"minimatch": "^5.0.1",
				"once": "^1.3.0"
			},
			"engines": {
				"node": ">=12"
			},
			"funding": {
				"url": "https://github.com/sponsors/isaacs"
			}
		},
		"node_modules/inflight": {
			"version": "1.0.6",
			"resolved": "https://registry.npmjs.org/inflight/-/inflight-1.0.6.tgz",
			"integrity": "sha512-k92I/b08q4wvFscXCLvqfsHCrjrF7yiXsQuIVvVE7N82W3+aqpzuUdBbfhWcy/FZR3/4IgflMgKLOsvPDrGCJA==",
			"deprecated": "This module is not supported, and leaks memory. Do not use it. Check out lru-cache if you want a good and tested way to coalesce async requests by a key value, which is much more comprehensive and powerful.",
			"dependencies": {
				"once": "^1.3.0",
				"wrappy": "1"
			}
		},
		"node_modules/inherits": {
			"version": "2.0.4",
			"resolved": "https://registry.npmjs.org/inherits/-/inherits-2.0.4.tgz",
			"integrity": "sha512-k/vGaX4/Yla3WzyMCvTQOXYeIHvqOKtnqBduzTHpzpQZzAskKMhZ2K+EnBiSM9zGSoIFeMpXKxa4dYeZIQqewQ=="
		},
		"node_modules/is-buffer": {
			"version": "1.1.6",
			"resolved": "https://registry.npmjs.org/is-buffer/-/is-buffer-1.1.6.tgz",
			"integrity": "sha512-NcdALwpXkTm5Zvvbk7owOUSvVvBKDgKP5/ewfXEznmQFfs4ZRmanOeKBTjRVjka3QFoN6XJ+9F3USqfHqTaU5w=="
		},
		"node_modules/kind-of": {
			"version": "3.2.2",
			"resolved": "https://registry.npmjs.org/kind-of/-/kind-of-3.2.2.tgz",
			"integrity": "sha512-NOW9QQXMoZGg/oqnVNoNTTIFEIid1627WCffUBJEdMxYApq7mNE7CpzucIPc+ZQg25Phej7IJSmX3hO+oblOtQ==",
			"dependencies": {
				"is-buffer": "^1.1.5"
			},
			"engines": {
				"node": ">=0.10.0"
			}
		},
		"node_modules/lazy-cache": {
			"version": "1.0.4",
			"resolved": "https://registry.npmjs.org/lazy-cache/-/lazy-cache-1.0.4.tgz",
			"integrity": "sha512-RE2g0b5VGZsOCFOCgP7omTRYFqydmZkBwl5oNnQ1lDYC57uyO9KqNnNVxT7COSHTxrRCWVcAVOcbjk+tvh/rgQ==",
			"engines": {
				"node": ">=0.10.0"
			}
		},
		"node_modules/longest": {
			"version": "1.0.1",
			"resolved": "https://registry.npmjs.org/longest/-/longest-1.0.1.tgz",
			"integrity": "sha512-k+yt5n3l48JU4k8ftnKG6V7u32wyH2NfKzeMto9F/QRE0amxy/LayxwlvjjkZEIzqR+19IrtFO8p5kB9QaYUFg==",
			"engines": {
				"node": ">=0.10.0"
			}
		},
		"node_modules/minimatch": {
			"version": "5.1.0",
			"resolved": "https://registry.npmjs.org/minimatch/-/minimatch-5.1.0.tgz",
			"integrity": "sha512-9TPBGGak4nHfGZsPBohm9AWg6NoT7QTCehS3BIJABslyZbzxfV78QM2Y6+i741OPZIafFAaiiEMh5OyIrJPgtg==",
			"dependencies": {
				"brace-expansion": "^2.0.1"
			},
			"engines": {
				"node": ">=10"
			}
		},
		"node_modules/once": {
			"version": "1.4.0",
			"resolved": "https://registry.npmjs.org/once/-/once-1.4.0.tgz",
			"integrity": "sha512-lNaJgI+2Q5URQBkccEKHTQOPaXdUxnZZElQTZY0MFUAuaEqe1E+Nyvgdz/aIyNi6Z9MzO5dv1H8n58/GELp3+w==",
			"dependencies": {
				"wrappy": "1"
			}
		},
		"node_modules/repeat-string": {
			"version": "1.6.1",
			"resolved": "https://registry.npmjs.org/repeat-string/-/repeat-string-1.6.1.tgz",
			"integrity": "sha512-PV0dzCYDNfRi1jCDbJzpW7jNNDRuCOG/jI5ctQcGKt/clZD+YcPS3yIlWuTJMmESC8aevCFmWJy5wjAFgNqN6w==",
			"engines": {
				"node": ">=0.10"
			}
		},
		"node_modules/right-align": {
			"version": "0.1.3",
			"resolved": "https://registry.npmjs.org/right-align/-/right-align-0.1.3.tgz",
			"integrity": "sha512-yqINtL/G7vs2v+dFIZmFUDbnVyFUJFKd6gK22Kgo6R4jfJGFtisKyncWDDULgjfqf4ASQuIQyjJ7XZ+3aWpsAg==",
			"dependencies": {
				"align-text": "^0.1.1"
			},
			"engines": {
				"node": ">=0.10.0"
			}
		},
		"node_modules/setasap": {
			"version": "2.0.1",
			"resolved": "https://registry.npmjs.org/setasap/-/setasap-2.0.1.tgz",
			"integrity": "sha512-DsoqaT3/BB0FTXi8DGMoJse2SGYkUTkOQaCjBx/DJSodGN2EE/rHU9CyJ7H1mYGMyzJvwUlgJQTI4twRg5QY3g=="
		},
		"node_modules/source-map": {
			"version": "0.5.7",
			"resolved": "https://registry.npmjs.org/source-map/-/source-map-0.5.7.tgz",
			"integrity": "sha512-LbrmJOMUSdEVxIKvdcJzQC+nQhe8FUZQTXQy6+I75skNgn3OoQ0DZA8YnFa7gp8tqtL3KPf1kmo0R5DoApeSGQ==",
			"engines": {
				"node": ">=0.10.0"
			}
		},
		"node_modules/tslib": {
			"version": "2.4.1",
			"resolved": "https://registry.npmjs.org/tslib/-/tslib-2.4.1.tgz",
			"integrity": "sha512-tGyy4dAjRIEwI7BzsB0lynWgOpfqjUdq91XXAlIWD2OwKBH7oCl/GZG/HT4BOHrTlPMOASlMQ7veyTqpmRcrNA=="
		},
		"node_modules/uglify-js": {
			"version": "2.7.5",
			"resolved": "https://registry.npmjs.org/uglify-js/-/uglify-js-2.7.5.tgz",
			"integrity": "sha512-RvbIYn4DIadCg1MV7YP7OrpxnVrtEieZzbK0KSQvwWGAHojqWJxInkQhmtYGRo9PTwwkJkljIgzMyA1VitEc4Q==",
			"dependencies": {
				"async": "~0.2.6",
				"source-map": "~0.5.1",
				"uglify-to-browserify": "~1.0.0",
				"yargs": "~3.10.0"
			},
			"bin": {
				"uglifyjs": "bin/uglifyjs"
			},
			"engines": {
				"node": ">=0.8.0"
			}
		},
		"node_modules/uglify-to-browserify": {
			"version": "1.0.2",
			"resolved": "https://registry.npmjs.org/uglify-to-browserify/-/uglify-to-browserify-1.0.2.tgz",
			"integrity": "sha512-vb2s1lYx2xBtUgy+ta+b2J/GLVUR+wmpINwHePmPRhOsIVCG2wDzKJ0n14GslH1BifsqVzSOwQhRaCAsZ/nI4Q=="
		},
		"node_modules/vscode-html-languageservice": {
			"version": "5.6.2",
			"resolved": "https://registry.npmjs.org/vscode-html-languageservice/-/vscode-html-languageservice-5.6.2.tgz",
			"integrity": "sha512-ulCrSnFnfQ16YzvwnYUgEbUEl/ZG7u2eV27YhvLObSHKkb8fw1Z9cgsnUwjTEeDIdJDoTDTDpxuhQwoenoLNMg==",
			"license": "MIT",
			"dependencies": {
				"@vscode/l10n": "^0.0.18",
				"vscode-languageserver-textdocument": "^1.0.12",
				"vscode-languageserver-types": "^3.17.5",
				"vscode-uri": "^3.1.0"
			}
		},
		"node_modules/vscode-html-languageservice/node_modules/vscode-languageserver-types": {
			"version": "3.18.0",
			"resolved": "https://registry.npmjs.org/vscode-languageserver-types/-/vscode-languageserver-types-3.18.0.tgz",
			"integrity": "sha512-8TsGPNMIMiiBdkORgRSvLjuiEIiAFtO+KssmYWxQ+uSVvlf7RjK8YKCOjPzZ+YA04jXEV7+7LvkSmHkhpNS99g==",
			"license": "MIT"
		},
		"node_modules/vscode-jsonrpc": {
			"version": "6.0.0",
			"resolved": "https://registry.npmjs.org/vscode-jsonrpc/-/vscode-jsonrpc-6.0.0.tgz",
			"integrity": "sha512-wnJA4BnEjOSyFMvjZdpiOwhSq9uDoK8e/kpRJDTaMYzwlkrhG1fwDIZI94CLsLzlCK5cIbMMtFlJlfR57Lavmg==",
			"engines": {
				"node": ">=8.0.0 || >=10.0.0"
			}
		},
		"node_modules/vscode-languageserver": {
			"version": "7.0.0",
			"resolved": "https://registry.npmjs.org/vscode-languageserver/-/vscode-languageserver-7.0.0.tgz",
			"integrity": "sha512-60HTx5ID+fLRcgdHfmz0LDZAXYEV68fzwG0JWwEPBode9NuMYTIxuYXPg4ngO8i8+Ou0lM7y6GzaYWbiDL0drw==",
			"dependencies": {
				"vscode-languageserver-protocol": "3.16.0"
			},
			"bin": {
				"installServerIntoExtension": "bin/installServerIntoExtension"
			}
		},
		"node_modules/vscode-languageserver-protocol": {
			"version": "3.16.0",
			"resolved": "https://registry.npmjs.org/vscode-languageserver-protocol/-/vscode-languageserver-protocol-3.16.0.tgz",
			"integrity": "sha512-sdeUoAawceQdgIfTI+sdcwkiK2KU+2cbEYA0agzM2uqaUy2UpnnGHtWTHVEtS0ES4zHU0eMFRGN+oQgDxlD66A==",
			"dependencies": {
				"vscode-jsonrpc": "6.0.0",
				"vscode-languageserver-types": "3.16.0"
			}
		},
		"node_modules/vscode-languageserver-textdocument": {
			"version": "1.0.12",
			"resolved": "https://registry.npmjs.org/vscode-languageserver-textdocument/-/vscode-languageserver-textdocument-1.0.12.tgz",
			"integrity": "sha512-cxWNPesCnQCcMPeenjKKsOCKQZ/L6Tv19DTRIGuLWe32lyzWhihGVJ/rcckZXJxfdKCFvRLS3fpBIsV/ZGX4zA==",
			"license": "MIT"
		},
		"node_modules/vscode-languageserver-types": {
			"version": "3.16.0",
			"resolved": "https://registry.npmjs.org/vscode-languageserver-types/-/vscode-languageserver-types-3.16.0.tgz",
			"integrity": "sha512-k8luDIWJWyenLc5ToFQQMaSrqCHiLwyKPHKPQZ5zz21vM+vIVUSvsRpcbiECH4WR88K2XZqc4ScRcZ7nk/jbeA=="
		},
		"node_modules/vscode-uri": {
			"version": "3.1.0",
			"resolved": "https://registry.npmjs.org/vscode-uri/-/vscode-uri-3.1.0.tgz",
			"integrity": "sha512-/BpdSx+yCQGnCvecbyXdxHDkuk55/G3xwnC0GqY4gmQ3j+A+g8kzzgB4Nk/SINjqn6+waqw3EgbVF2QKExkRxQ==",
			"license": "MIT"
		},
		"node_modules/window-size": {
			"version": "0.1.0",
			"resolved": "https://registry.npmjs.org/window-size/-/window-size-0.1.0.tgz",
			"integrity": "sha512-1pTPQDKTdd61ozlKGNCjhNRd+KPmgLSGa3mZTHoOliaGcESD8G1PXhh7c1fgiPjVbNVfgy2Faw4BI8/m0cC8Mg==",
			"engines": {
				"node": ">= 0.8.0"
			}
		},
		"node_modules/wordwrap": {
			"version": "0.0.2",
			"resolved": "https://registry.npmjs.org/wordwrap/-/wordwrap-0.0.2.tgz",
			"integrity": "sha512-xSBsCeh+g+dinoBv3GAOWM4LcVVO68wLXRanibtBSdUvkGWQRGeE9P7IwU9EmDDi4jA6L44lz15CGMwdw9N5+Q==",
			"engines": {
				"node": ">=0.4.0"
			}
		},
		"node_modules/wrappy": {
			"version": "1.0.2",
			"resolved": "https://registry.npmjs.org/wrappy/-/wrappy-1.0.2.tgz",
			"integrity": "sha512-l4Sp/DRseor9wL6EvV2+TuQn63dMkPjZ/sp9XkghTEbV9KlPS1xUsZ3u7/IQO4wxtcFB4bgpQPRcR3QCvezPcQ=="
		},
		"node_modules/yargs": {
			"version": "3.10.0",
			"resolved": "https://registry.npmjs.org/yargs/-/yargs-3.10.0.tgz",
			"integrity": "sha512-QFzUah88GAGy9lyDKGBqZdkYApt63rCXYBGYnEP4xDJPXNqXXnBDACnbrXnViV6jRSqAePwrATi2i8mfYm4L1A==",
			"dependencies": {
				"camelcase": "^1.0.2",
				"cliui": "^2.1.0",
				"decamelize": "^1.0.0",
				"window-size": "0.1.0"
			}
		}
	}
}
